
Microsoft Visual Studio Solution File, Format Version 12.00
# Visual Studio Version 17
VisualStudioVersion = 17.1.32319.34
MinimumVisualStudioVersion = 10.0.40219.1
Project("{9A19103F-16F7-4668-BE54-9A1E7A4F7556}") = "ByteBank", "ByteBank\ByteBank.csproj", "{FBA329B4-E571-4DA2-8D66-4BFCE19B9D46}"
EndProject
Project("{FAE04EC0-301F-11D3-BF4B-00C04F79EFBC}") = "ByteBank.Test", "ByteBank.Test\ByteBank.Test.csproj", "{27D421C6-F917-4D21-A5A1-7C44811200EF}"
EndProject
Global
	GlobalSection(SolutionConfigurationPlatforms) = preSolution
		Debug|Any CPU = Debug|Any CPU
		Release|Any CPU = Release|Any CPU
	EndGlobalSection
	GlobalSection(ProjectConfigurationPlatforms) = postSolution
		{FBA329B4-E571-4DA2-8D66-4BFCE19B9D46}.Debug|Any CPU.ActiveCfg = Debug|Any CPU
		{FBA329B4-E571-4DA2-8D66-4BFCE19B9D46}.Debug|Any CPU.Build.0 = Debug|Any CPU
		{FBA329B4-E571-4DA2-8D66-4BFCE19B9D46}.Release|Any CPU.ActiveCfg = Release|Any CPU
		{FBA329B4-E571-4DA2-8D66-4BFCE19B9D46}.Release|Any CPU.Build.0 = Release|Any CPU
		{27D421C6-F917-4D21-A5A1-7C44811200EF}.Debug|Any CPU.ActiveCfg = Debug|Any CPU
		{27D421C6-F917-4D21-A5A1-7C44811200EF}.Debug|Any CPU.Build.0 = Debug|Any CPU
		{27D421C6-F917-4D21-A5A1-7C44811200EF}.Release|Any CPU.ActiveCfg = Release|Any CPU
		{27D421C6-F917-4D21-A5A1-7C44811200EF}.Release|Any CPU.Build.0 = Release|Any CPU
	EndGlobalSection
	GlobalSection(SolutionProperties) = preSolution
		HideSolutionNode = FALSE
	EndGlobalSection
	GlobalSection(ExtensibilityGlobals) = postSolution
		SolutionGuid = {515D2B6C-2746-457F-BFC6-CFD87F32848F}
	EndGlobalSection
EndGlobal
